
Microsoft Visual Studio Solution File, Format Version 12.00
# Visual Studio Version 17
VisualStudioVersion = 17.6.33829.357
MinimumVisualStudioVersion = 10.0.40219.1
Project("{FAE04EC0-301F-11D3-BF4B-00C04F79EFBC}") = "ShoppingCard2FE", "ShoppingCard2FE\ShoppingCard2FE.csproj", "{5733DD60-E59C-4C04-84A0-55E0D057AC7C}"
EndProject
Global
	GlobalSection(SolutionConfigurationPlatforms) = preSolution
		Debug|Any CPU = Debug|Any CPU
		Release|Any CPU = Release|Any CPU
	EndGlobalSection
	GlobalSection(ProjectConfigurationPlatforms) = postSolution
		{5733DD60-E59C-4C04-84A0-55E0D057AC7C}.Debug|Any CPU.ActiveCfg = Debug|Any CPU
		{5733DD60-E59C-4C04-84A0-55E0D057AC7C}.Debug|Any CPU.Build.0 = Debug|Any CPU
		{5733DD60-E59C-4C04-84A0-55E0D057AC7C}.Release|Any CPU.ActiveCfg = Release|Any CPU
		{5733DD60-E59C-4C04-84A0-55E0D057AC7C}.Release|Any CPU.Build.0 = Release|Any CPU
	EndGlobalSection
	GlobalSection(SolutionProperties) = preSolution
		HideSolutionNode = FALSE
	EndGlobalSection
	GlobalSection(ExtensibilityGlobals) = postSolution
		SolutionGuid = {7C290FEC-9D48-4DBD-B67C-8ED040C30ECA}
	EndGlobalSection
EndGlobal
